
Microsoft Visual Studio Solution File, Format Version 12.00
# Visual Studio 15
VisualStudioVersion = 15.0.28307.2092
MinimumVisualStudioVersion = 10.0.40219.1
Project("{8BC9CEB8-8B4A-11D0-8D11-00A0C91BC942}") = "5.36", "5.36\5.36.vcxproj", "{EB113FE1-3658-4161-8011-A2B71F21BC61}"
EndProject
Global
	GlobalSection(SolutionConfigurationPlatforms) = preSolution
		Debug|x64 = Debug|x64
		Debug|x86 = Debug|x86
		Release|x64 = Release|x64
		Release|x86 = Release|x86
	EndGlobalSection
	GlobalSection(ProjectConfigurationPlatforms) = postSolution
		{EB113FE1-3658-4161-8011-A2B71F21BC61}.Debug|x64.ActiveCfg = Debug|x64
		{EB113FE1-3658-4161-8011-A2B71F21BC61}.Debug|x64.Build.0 = Debug|x64
		{EB113FE1-3658-4161-8011-A2B71F21BC61}.Debug|x86.ActiveCfg = Debug|Win32
		{EB113FE1-3658-4161-8011-A2B71F21BC61}.Debug|x86.Build.0 = Debug|Win32
		{EB113FE1-3658-4161-8011-A2B71F21BC61}.Release|x64.ActiveCfg = Release|x64
		{EB113FE1-3658-4161-8011-A2B71F21BC61}.Release|x64.Build.0 = Release|x64
		{EB113FE1-3658-4161-8011-A2B71F21BC61}.Release|x86.ActiveCfg = Release|Win32
		{EB113FE1-3658-4161-8011-A2B71F21BC61}.Release|x86.Build.0 = Release|Win32
	EndGlobalSection
	GlobalSection(SolutionProperties) = preSolution
		HideSolutionNode = FALSE
	EndGlobalSection
	GlobalSection(ExtensibilityGlobals) = postSolution
		SolutionGuid = {8E1DC96C-39D9-4D1D-BFE9-93B3CE3D172D}
	EndGlobalSection
EndGlobal
